<Solution>
	<Folder Name="/.backup/">
		<File Path=".backup/louiseh logo svart.png" />
	</Folder>
	<Folder Name="/.backup/Originals/">
		<File Path=".backup/Originals/louiseh logo vit.png" />
	</Folder>
	<Folder Name="/.github/" />
	<Folder Name="/.github/workflows/">
		<File Path=".github/workflows/build-and-deploy.yml" />
	</Folder>
	<Folder Name="/.root/">
		<File Path=".editorconfig" />
		<File Path=".gitignore" />
		<File Path="ReadMe.md" />
	</Folder>
	<Folder Name="/Source/">
		<Project Path="Source/Site/Site.csproj" />
	</Folder>
</Solution>